// !$*UTF8*$!
{
	archiveVersion = 1;
	classes = {
	};
	objectVersion = 46;
	objects = {

/* Begin PBXBuildFile section */
		547BA2A41CE0FEFD002AB2A6 /* main.cpp in Sources */ = {isa = PBXBuildFile; fileRef = 547BA2A31CE0FEFD002AB2A6 /* main.cpp */; };
/* End PBXBuildFile section */

/* Begin PBXCopyFilesBuildPhase section */
		547BA29E1CE0FEFD002AB2A6 /* CopyFiles */ = {
			isa = PBXCopyFilesBuildPhase;
			buildActionMask = 2147483647;
			dstPath = /usr/share/man/man1/;
			dstSubfolderSpec = 0;
			files = (
			);
			runOnlyForDeploymentPostprocessing = 1;
		};
/* End PBXCopyFilesBuildPhase section */

/* Begin PBXFileReference section */
		547BA2A01CE0FEFD002AB2A6 /* Recursion_Lab */ = {isa = PBXFileReference; explicitFileType = "compiled.mach-o.executable"; includeInIndex = 0; path = Recursion_Lab; sourceTree = BUILT_PRODUCTS_DIR; };
		547BA2A31CE0FEFD002AB2A6 /* main.cpp */ = {isa = PBXFileReference; lastKnownFileType = sourcecode.cpp.cpp; path = main.cpp; sourceTree = "<group>"; };
/* End PBXFileReference section */

/* Begin PBXFrameworksBuildPhase section */
		547BA29D1CE0FEFD002AB2A6 /* Frameworks */ = {
			isa = PBXFrameworksBuildPhase;
			buildActionMask = 2147483647;
			files = (
			);
			runOnlyForDeploymentPostprocessing = 0;
		};
/* End PBXFrameworksBuildPhase section */

/* Begin PBXGroup section */
		547BA2971CE0FEFD002AB2A6 = {
			isa = PBXGroup;
			children = (
				547BA2A21CE0FEFD002AB2A6 /* Recursion_Lab */,
				547BA2A11CE0FEFD002AB2A6 /* Products */,
			);
			sourceTree = "<group>";
		};
		547BA2A11CE0FEFD002AB2A6 /* Products */ = {
			isa = PBXGroup;
			children = (
				547BA2A01CE0FEFD002AB2A6 /* Recursion_Lab */,
			);
			name = Products;
			sourceTree = "<group>";
		};
		547BA2A21CE0FEFD002AB2A6 /* Recursion_Lab */ = {
			isa = PBXGroup;
			children = (
				547BA2A31CE0FEFD002AB2A6 /* main.cpp */,
			);
			path = Recursion_Lab;
			sourceTree = "<group>";
		};
/* End PBXGroup section */

/* Begin PBXNativeTarget section */
		547BA29F1CE0FEFD002AB2A6 /* Recursion_Lab */ = {
			isa = PBXNativeTarget;
			buildConfigurationList = 547BA2A71CE0FEFD002AB2A6 /* Build configuration list for PBXNativeTarget "Recursion_Lab" */;
			buildPhases = (
				547BA29C1CE0FEFD002AB2A6 /* Sources */,
				547BA29D1CE0FEFD002AB2A6 /* Frameworks */,
				547BA29E1CE0FEFD002AB2A6 /* CopyFiles */,
			);
			buildRules = (
			);
			dependencies = (
			);
			name = Recursion_Lab;
			productName = Recursion_Lab;
			productReference = 547BA2A01CE0FEFD002AB2A6 /* Recursion_Lab */;
			productType = "com.apple.product-type.tool";
		};
/* End PBXNativeTarget section */

/* Begin PBXProject section */
		547BA2981CE0FEFD002AB2A6 /* Project object */ = {
			isa = PBXProject;
			attributes = {
				LastUpgradeCheck = 0720;
				ORGANIZATIONNAME = "Joe McIlhargey";
				TargetAttributes = {
					547BA29F1CE0FEFD002AB2A6 = {
						CreatedOnToolsVersion = 7.2;
					};
				};
			};
			buildConfigurationList = 547BA29B1CE0FEFD002AB2A6 /* Build configuration list for PBXProject "Recursion_Lab" */;
			compatibilityVersion = "Xcode 3.2";
			developmentRegion = English;
			hasScannedForEncodings = 0;
			knownRegions = (
				en,
			);
			mainGroup = 547BA2971CE0FEFD002AB2A6;
			productRefGroup = 547BA2A11CE0FEFD002AB2A6 /* Products */;
			projectDirPath = "";
			projectRoot = "";
			targets = (
				547BA29F1CE0FEFD002AB2A6 /* Recursion_Lab */,
			);
		};
/* End PBXProject section */

/* Begin PBXSourcesBuildPhase section */
		547BA29C1CE0FEFD002AB2A6 /* Sources */ = {
			isa = PBXSourcesBuildPhase;
			buildActionMask = 2147483647;
			files = (
				547BA2A41CE0FEFD002AB2A6 /* main.cpp in Sources */,
			);
			runOnlyForDeploymentPostprocessing = 0;
		};
/* End PBXSourcesBuildPhase section */

/* Begin XCBuildConfiguration section */
		547BA2A51CE0FEFD002AB2A6 /* Debug */ = {
			isa = XCBuildConfiguration;
			buildSettings = {
				ALWAYS_SEARCH_USER_PATHS = NO;
				CLANG_CXX_LANGUAGE_STANDARD = "gnu++0x";
				CLANG_CXX_LIBRARY = "libc++";
				CLANG_ENABLE_MODULES = YES;
				CLANG_ENABLE_OBJC_ARC = YES;
				CLANG_WARN_BOOL_CONVERSION = YES;
				CLANG_WARN_CONSTANT_CONVERSION = YES;
				CLANG_WARN_DIRECT_OBJC_ISA_USAGE = YES_ERROR;
				CLANG_WARN_EMPTY_BODY = YES;
				CLANG_WARN_ENUM_CONVERSION = YES;
				CLANG_WARN_INT_CONVERSION = YES;
				CLANG_WARN_OBJC_ROOT_CLASS = YES_ERROR;
				CLANG_WARN_UNREACHABLE_CODE = YES;
				CLANG_WARN__DUPLICATE_METHOD_MATCH = YES;
				CODE_SIGN_IDENTITY = "-";
				COPY_PHASE_STRIP = NO;
				DEBUG_INFORMATION_FORMAT = dwarf;
				ENABLE_STRICT_OBJC_MSGSEND = YES;
				ENABLE_TESTABILITY = YES;
				GCC_C_LANGUAGE_STANDARD = gnu99;
				GCC_DYNAMIC_NO_PIC = NO;
				GCC_NO_COMMON_BLOCKS = YES;
				GCC_OPTIMIZATION_LEVEL = 0;
				GCC_PREPROCESSOR_DEFINITIONS = (
					"DEBUG=1",
					"$(inherited)",
				);
				GCC_WARN_64_TO_32_BIT_CONVERSION = YES;
				GCC_WARN_ABOUT_RETURN_TYPE = YES_ERROR;
				GCC_WARN_UNDECLARED_SELECTOR = YES;
				GCC_WARN_UNINITIALIZED_AUTOS = YES_AGGRESSIVE;
				GCC_WARN_UNUSED_FUNCTION = YES;
				GCC_WARN_UNUSED_VARIABLE = YES;
				MACOSX_DEPLOYMENT_TARGET = 10.10;
				MTL_ENABLE_DEBUG_INFO = YES;
				ONLY_ACTIVE_ARCH = YES;
				SDKROOT = macosx;
			};
			name = Debug;
		};
		547BA2A61CE0FEFD002AB2A6 /* Release */ = {
			isa = XCBuildConfiguration;
			buildSettings = {
				ALWAYS_SEARCH_USER_PATHS = NO;
				CLANG_CXX_LANGUAGE_STANDARD = "gnu++0x";
				CLANG_CXX_LIBRARY = "libc++";
				CLANG_ENABLE_MODULES = YES;
				CLANG_ENABLE_OBJC_ARC = YES;
				CLANG_WARN_BOOL_CONVERSION = YES;
				CLANG_WARN_CONSTANT_CONVERSION = YES;
				CLANG_WARN_DIRECT_OBJC_ISA_USAGE = YES_ERROR;
				CLANG_WARN_EMPTY_BODY = YES;
				CLANG_WARN_ENUM_CONVERSION = YES;
				CLANG_WARN_INT_CONVERSION = YES;
				CLANG_WARN_OBJC_ROOT_CLASS = YES_ERROR;
				CLANG_WARN_UNREACHABLE_CODE = YES;
				CLANG_WARN__DUPLICATE_METHOD_MATCH = YES;
				CODE_SIGN_IDENTITY = "-";
				COPY_PHASE_STRIP = NO;
				DEBUG_INFORMATION_FORMAT = "dwarf-with-dsym";
				ENABLE_NS_ASSERTIONS = NO;
				ENABLE_STRICT_OBJC_MSGSEND = YES;
				GCC_C_LANGUAGE_STANDARD = gnu99;
				GCC_NO_COMMON_BLOCKS = YES;
				GCC_WARN_64_TO_32_BIT_CONVERSION = YES;
				GCC_WARN_ABOUT_RETURN_TYPE = YES_ERROR;
				GCC_WARN_UNDECLARED_SELECTOR = YES;
				GCC_WARN_UNINITIALIZED_AUTOS = YES_AGGRESSIVE;
				GCC_WARN_UNUSED_FUNCTION = YES;
				GCC_WARN_UNUSED_VARIABLE = YES;
				MACOSX_DEPLOYMENT_TARGET = 10.10;
				MTL_ENABLE_DEBUG_INFO = NO;
				SDKROOT = macosx;
			};
			name = Release;
		};
		547BA2A81CE0FEFD002AB2A6 /* Debug */ = {
			isa = XCBuildConfiguration;
			buildSettings = {
				PRODUCT_NAME = "$(TARGET_NAME)";
			};
			name = Debug;
		};
		547BA2A91CE0FEFD002AB2A6 /* Release */ = {
			isa = XCBuildConfiguration;
			buildSettings = {
				PRODUCT_NAME = "$(TARGET_NAME)";
			};
			name = Release;
		};
/* End XCBuildConfiguration section */

/* Begin XCConfigurationList section */
		547BA29B1CE0FEFD002AB2A6 /* Build configuration list for PBXProject "Recursion_Lab" */ = {
			isa = XCConfigurationList;
			buildConfigurations = (
				547BA2A51CE0FEFD002AB2A6 /* Debug */,
				547BA2A61CE0FEFD002AB2A6 /* Release */,
			);
			defaultConfigurationIsVisible = 0;
			defaultConfigurationName = Release;
		};
		547BA2A71CE0FEFD002AB2A6 /* Build configuration list for PBXNativeTarget "Recursion_Lab" */ = {
			isa = XCConfigurationList;
			buildConfigurations = (
				547BA2A81CE0FEFD002AB2A6 /* Debug */,
				547BA2A91CE0FEFD002AB2A6 /* Release */,
			);
			defaultConfigurationIsVisible = 0;
		};
/* End XCConfigurationList section */
	};
	rootObject = 547BA2981CE0FEFD002AB2A6 /* Project object */;
}
