// !$*UTF8*$!
{
	archiveVersion = 1;
	classes = {
	};
	objectVersion = 46;
	objects = {

/* Begin PBXBuildFile section */
		54DBED161CECD6C000926A3D /* main.cpp in Sources */ = {isa = PBXBuildFile; fileRef = 54DBED151CECD6C000926A3D /* main.cpp */; };
/* End PBXBuildFile section */

/* Begin PBXCopyFilesBuildPhase section */
		54DBED101CECD6C000926A3D /* CopyFiles */ = {
			isa = PBXCopyFilesBuildPhase;
			buildActionMask = 2147483647;
			dstPath = /usr/share/man/man1/;
			dstSubfolderSpec = 0;
			files = (
			);
			runOnlyForDeploymentPostprocessing = 1;
		};
/* End PBXCopyFilesBuildPhase section */

/* Begin PBXFileReference section */
		5478CE451CECE3FE00382232 /* integers.txt */ = {isa = PBXFileReference; lastKnownFileType = text; path = integers.txt; sourceTree = "<group>"; };
		54DBED121CECD6C000926A3D /* Duplicates_And_Search */ = {isa = PBXFileReference; explicitFileType = "compiled.mach-o.executable"; includeInIndex = 0; path = Duplicates_And_Search; sourceTree = BUILT_PRODUCTS_DIR; };
		54DBED151CECD6C000926A3D /* main.cpp */ = {isa = PBXFileReference; lastKnownFileType = sourcecode.cpp.cpp; path = main.cpp; sourceTree = "<group>"; };
/* End PBXFileReference section */

/* Begin PBXFrameworksBuildPhase section */
		54DBED0F1CECD6C000926A3D /* Frameworks */ = {
			isa = PBXFrameworksBuildPhase;
			buildActionMask = 2147483647;
			files = (
			);
			runOnlyForDeploymentPostprocessing = 0;
		};
/* End PBXFrameworksBuildPhase section */

/* Begin PBXGroup section */
		54DBED091CECD6C000926A3D = {
			isa = PBXGroup;
			children = (
				54DBED141CECD6C000926A3D /* Duplicates_And_Search */,
				54DBED131CECD6C000926A3D /* Products */,
			);
			sourceTree = "<group>";
		};
		54DBED131CECD6C000926A3D /* Products */ = {
			isa = PBXGroup;
			children = (
				54DBED121CECD6C000926A3D /* Duplicates_And_Search */,
			);
			name = Products;
			sourceTree = "<group>";
		};
		54DBED141CECD6C000926A3D /* Duplicates_And_Search */ = {
			isa = PBXGroup;
			children = (
				5478CE451CECE3FE00382232 /* integers.txt */,
				54DBED151CECD6C000926A3D /* main.cpp */,
			);
			path = Duplicates_And_Search;
			sourceTree = "<group>";
		};
/* End PBXGroup section */

/* Begin PBXNativeTarget section */
		54DBED111CECD6C000926A3D /* Duplicates_And_Search */ = {
			isa = PBXNativeTarget;
			buildConfigurationList = 54DBED191CECD6C000926A3D /* Build configuration list for PBXNativeTarget "Duplicates_And_Search" */;
			buildPhases = (
				54DBED0E1CECD6C000926A3D /* Sources */,
				54DBED0F1CECD6C000926A3D /* Frameworks */,
				54DBED101CECD6C000926A3D /* CopyFiles */,
			);
			buildRules = (
			);
			dependencies = (
			);
			name = Duplicates_And_Search;
			productName = Duplicates_And_Search;
			productReference = 54DBED121CECD6C000926A3D /* Duplicates_And_Search */;
			productType = "com.apple.product-type.tool";
		};
/* End PBXNativeTarget section */

/* Begin PBXProject section */
		54DBED0A1CECD6C000926A3D /* Project object */ = {
			isa = PBXProject;
			attributes = {
				LastUpgradeCheck = 0720;
				ORGANIZATIONNAME = "Joe McIlhargey";
				TargetAttributes = {
					54DBED111CECD6C000926A3D = {
						CreatedOnToolsVersion = 7.2;
					};
				};
			};
			buildConfigurationList = 54DBED0D1CECD6C000926A3D /* Build configuration list for PBXProject "Duplicates_And_Search" */;
			compatibilityVersion = "Xcode 3.2";
			developmentRegion = English;
			hasScannedForEncodings = 0;
			knownRegions = (
				en,
			);
			mainGroup = 54DBED091CECD6C000926A3D;
			productRefGroup = 54DBED131CECD6C000926A3D /* Products */;
			projectDirPath = "";
			projectRoot = "";
			targets = (
				54DBED111CECD6C000926A3D /* Duplicates_And_Search */,
			);
		};
/* End PBXProject section */

/* Begin PBXSourcesBuildPhase section */
		54DBED0E1CECD6C000926A3D /* Sources */ = {
			isa = PBXSourcesBuildPhase;
			buildActionMask = 2147483647;
			files = (
				54DBED161CECD6C000926A3D /* main.cpp in Sources */,
			);
			runOnlyForDeploymentPostprocessing = 0;
		};
/* End PBXSourcesBuildPhase section */

/* Begin XCBuildConfiguration section */
		54DBED171CECD6C000926A3D /* Debug */ = {
			isa = XCBuildConfiguration;
			buildSettings = {
				ALWAYS_SEARCH_USER_PATHS = NO;
				CLANG_CXX_LANGUAGE_STANDARD = "gnu++0x";
				CLANG_CXX_LIBRARY = "libc++";
				CLANG_ENABLE_MODULES = YES;
				CLANG_ENABLE_OBJC_ARC = YES;
				CLANG_WARN_BOOL_CONVERSION = YES;
				CLANG_WARN_CONSTANT_CONVERSION = YES;
				CLANG_WARN_DIRECT_OBJC_ISA_USAGE = YES_ERROR;
				CLANG_WARN_EMPTY_BODY = YES;
				CLANG_WARN_ENUM_CONVERSION = YES;
				CLANG_WARN_INT_CONVERSION = YES;
				CLANG_WARN_OBJC_ROOT_CLASS = YES_ERROR;
				CLANG_WARN_UNREACHABLE_CODE = YES;
				CLANG_WARN__DUPLICATE_METHOD_MATCH = YES;
				CODE_SIGN_IDENTITY = "-";
				COPY_PHASE_STRIP = NO;
				DEBUG_INFORMATION_FORMAT = dwarf;
				ENABLE_STRICT_OBJC_MSGSEND = YES;
				ENABLE_TESTABILITY = YES;
				GCC_C_LANGUAGE_STANDARD = gnu99;
				GCC_DYNAMIC_NO_PIC = NO;
				GCC_NO_COMMON_BLOCKS = YES;
				GCC_OPTIMIZATION_LEVEL = 0;
				GCC_PREPROCESSOR_DEFINITIONS = (
					"DEBUG=1",
					"$(inherited)",
				);
				GCC_WARN_64_TO_32_BIT_CONVERSION = YES;
				GCC_WARN_ABOUT_RETURN_TYPE = YES_ERROR;
				GCC_WARN_UNDECLARED_SELECTOR = YES;
				GCC_WARN_UNINITIALIZED_AUTOS = YES_AGGRESSIVE;
				GCC_WARN_UNUSED_FUNCTION = YES;
				GCC_WARN_UNUSED_VARIABLE = YES;
				MACOSX_DEPLOYMENT_TARGET = 10.10;
				MTL_ENABLE_DEBUG_INFO = YES;
				ONLY_ACTIVE_ARCH = YES;
				SDKROOT = macosx;
			};
			name = Debug;
		};
		54DBED181CECD6C000926A3D /* Release */ = {
			isa = XCBuildConfiguration;
			buildSettings = {
				ALWAYS_SEARCH_USER_PATHS = NO;
				CLANG_CXX_LANGUAGE_STANDARD = "gnu++0x";
				CLANG_CXX_LIBRARY = "libc++";
				CLANG_ENABLE_MODULES = YES;
				CLANG_ENABLE_OBJC_ARC = YES;
				CLANG_WARN_BOOL_CONVERSION = YES;
				CLANG_WARN_CONSTANT_CONVERSION = YES;
				CLANG_WARN_DIRECT_OBJC_ISA_USAGE = YES_ERROR;
				CLANG_WARN_EMPTY_BODY = YES;
				CLANG_WARN_ENUM_CONVERSION = YES;
				CLANG_WARN_INT_CONVERSION = YES;
				CLANG_WARN_OBJC_ROOT_CLASS = YES_ERROR;
				CLANG_WARN_UNREACHABLE_CODE = YES;
				CLANG_WARN__DUPLICATE_METHOD_MATCH = YES;
				CODE_SIGN_IDENTITY = "-";
				COPY_PHASE_STRIP = NO;
				DEBUG_INFORMATION_FORMAT = "dwarf-with-dsym";
				ENABLE_NS_ASSERTIONS = NO;
				ENABLE_STRICT_OBJC_MSGSEND = YES;
				GCC_C_LANGUAGE_STANDARD = gnu99;
				GCC_NO_COMMON_BLOCKS = YES;
				GCC_WARN_64_TO_32_BIT_CONVERSION = YES;
				GCC_WARN_ABOUT_RETURN_TYPE = YES_ERROR;
				GCC_WARN_UNDECLARED_SELECTOR = YES;
				GCC_WARN_UNINITIALIZED_AUTOS = YES_AGGRESSIVE;
				GCC_WARN_UNUSED_FUNCTION = YES;
				GCC_WARN_UNUSED_VARIABLE = YES;
				MACOSX_DEPLOYMENT_TARGET = 10.10;
				MTL_ENABLE_DEBUG_INFO = NO;
				SDKROOT = macosx;
			};
			name = Release;
		};
		54DBED1A1CECD6C000926A3D /* Debug */ = {
			isa = XCBuildConfiguration;
			buildSettings = {
				PRODUCT_NAME = "$(TARGET_NAME)";
			};
			name = Debug;
		};
		54DBED1B1CECD6C000926A3D /* Release */ = {
			isa = XCBuildConfiguration;
			buildSettings = {
				PRODUCT_NAME = "$(TARGET_NAME)";
			};
			name = Release;
		};
/* End XCBuildConfiguration section */

/* Begin XCConfigurationList section */
		54DBED0D1CECD6C000926A3D /* Build configuration list for PBXProject "Duplicates_And_Search" */ = {
			isa = XCConfigurationList;
			buildConfigurations = (
				54DBED171CECD6C000926A3D /* Debug */,
				54DBED181CECD6C000926A3D /* Release */,
			);
			defaultConfigurationIsVisible = 0;
			defaultConfigurationName = Release;
		};
		54DBED191CECD6C000926A3D /* Build configuration list for PBXNativeTarget "Duplicates_And_Search" */ = {
			isa = XCConfigurationList;
			buildConfigurations = (
				54DBED1A1CECD6C000926A3D /* Debug */,
				54DBED1B1CECD6C000926A3D /* Release */,
			);
			defaultConfigurationIsVisible = 0;
			defaultConfigurationName = Release;
		};
/* End XCConfigurationList section */
	};
	rootObject = 54DBED0A1CECD6C000926A3D /* Project object */;
}
