// !$*UTF8*$!
{
	archiveVersion = 1;
	classes = {
	};
	objectVersion = 46;
	objects = {

/* Begin PBXBuildFile section */
		542CFD451CBC9ACB00C39F63 /* main.cpp in Sources */ = {isa = PBXBuildFile; fileRef = 542CFD441CBC9ACB00C39F63 /* main.cpp */; };
/* End PBXBuildFile section */

/* Begin PBXCopyFilesBuildPhase section */
		542CFD3F1CBC9ACB00C39F63 /* CopyFiles */ = {
			isa = PBXCopyFilesBuildPhase;
			buildActionMask = 2147483647;
			dstPath = /usr/share/man/man1/;
			dstSubfolderSpec = 0;
			files = (
			);
			runOnlyForDeploymentPostprocessing = 1;
		};
/* End PBXCopyFilesBuildPhase section */

/* Begin PBXFileReference section */
		542CFD411CBC9ACB00C39F63 /* Lab_12_14 */ = {isa = PBXFileReference; explicitFileType = "compiled.mach-o.executable"; includeInIndex = 0; path = Lab_12_14; sourceTree = BUILT_PRODUCTS_DIR; };
		542CFD441CBC9ACB00C39F63 /* main.cpp */ = {isa = PBXFileReference; lastKnownFileType = sourcecode.cpp.cpp; path = main.cpp; sourceTree = "<group>"; };
/* End PBXFileReference section */

/* Begin PBXFrameworksBuildPhase section */
		542CFD3E1CBC9ACB00C39F63 /* Frameworks */ = {
			isa = PBXFrameworksBuildPhase;
			buildActionMask = 2147483647;
			files = (
			);
			runOnlyForDeploymentPostprocessing = 0;
		};
/* End PBXFrameworksBuildPhase section */

/* Begin PBXGroup section */
		542CFD381CBC9ACB00C39F63 = {
			isa = PBXGroup;
			children = (
				542CFD431CBC9ACB00C39F63 /* Lab_12_14 */,
				542CFD421CBC9ACB00C39F63 /* Products */,
			);
			sourceTree = "<group>";
		};
		542CFD421CBC9ACB00C39F63 /* Products */ = {
			isa = PBXGroup;
			children = (
				542CFD411CBC9ACB00C39F63 /* Lab_12_14 */,
			);
			name = Products;
			sourceTree = "<group>";
		};
		542CFD431CBC9ACB00C39F63 /* Lab_12_14 */ = {
			isa = PBXGroup;
			children = (
				542CFD441CBC9ACB00C39F63 /* main.cpp */,
			);
			path = Lab_12_14;
			sourceTree = "<group>";
		};
/* End PBXGroup section */

/* Begin PBXNativeTarget section */
		542CFD401CBC9ACB00C39F63 /* Lab_12_14 */ = {
			isa = PBXNativeTarget;
			buildConfigurationList = 542CFD481CBC9ACB00C39F63 /* Build configuration list for PBXNativeTarget "Lab_12_14" */;
			buildPhases = (
				542CFD3D1CBC9ACB00C39F63 /* Sources */,
				542CFD3E1CBC9ACB00C39F63 /* Frameworks */,
				542CFD3F1CBC9ACB00C39F63 /* CopyFiles */,
			);
			buildRules = (
			);
			dependencies = (
			);
			name = Lab_12_14;
			productName = Lab_12_14;
			productReference = 542CFD411CBC9ACB00C39F63 /* Lab_12_14 */;
			productType = "com.apple.product-type.tool";
		};
/* End PBXNativeTarget section */

/* Begin PBXProject section */
		542CFD391CBC9ACB00C39F63 /* Project object */ = {
			isa = PBXProject;
			attributes = {
				LastUpgradeCheck = 0720;
				ORGANIZATIONNAME = "Joe McIlhargey";
				TargetAttributes = {
					542CFD401CBC9ACB00C39F63 = {
						CreatedOnToolsVersion = 7.2;
					};
				};
			};
			buildConfigurationList = 542CFD3C1CBC9ACB00C39F63 /* Build configuration list for PBXProject "Lab_12_14" */;
			compatibilityVersion = "Xcode 3.2";
			developmentRegion = English;
			hasScannedForEncodings = 0;
			knownRegions = (
				en,
			);
			mainGroup = 542CFD381CBC9ACB00C39F63;
			productRefGroup = 542CFD421CBC9ACB00C39F63 /* Products */;
			projectDirPath = "";
			projectRoot = "";
			targets = (
				542CFD401CBC9ACB00C39F63 /* Lab_12_14 */,
			);
		};
/* End PBXProject section */

/* Begin PBXSourcesBuildPhase section */
		542CFD3D1CBC9ACB00C39F63 /* Sources */ = {
			isa = PBXSourcesBuildPhase;
			buildActionMask = 2147483647;
			files = (
				542CFD451CBC9ACB00C39F63 /* main.cpp in Sources */,
			);
			runOnlyForDeploymentPostprocessing = 0;
		};
/* End PBXSourcesBuildPhase section */

/* Begin XCBuildConfiguration section */
		542CFD461CBC9ACB00C39F63 /* Debug */ = {
			isa = XCBuildConfiguration;
			buildSettings = {
				ALWAYS_SEARCH_USER_PATHS = NO;
				CLANG_CXX_LANGUAGE_STANDARD = "gnu++0x";
				CLANG_CXX_LIBRARY = "libc++";
				CLANG_ENABLE_MODULES = YES;
				CLANG_ENABLE_OBJC_ARC = YES;
				CLANG_WARN_BOOL_CONVERSION = YES;
				CLANG_WARN_CONSTANT_CONVERSION = YES;
				CLANG_WARN_DIRECT_OBJC_ISA_USAGE = YES_ERROR;
				CLANG_WARN_EMPTY_BODY = YES;
				CLANG_WARN_ENUM_CONVERSION = YES;
				CLANG_WARN_INT_CONVERSION = YES;
				CLANG_WARN_OBJC_ROOT_CLASS = YES_ERROR;
				CLANG_WARN_UNREACHABLE_CODE = YES;
				CLANG_WARN__DUPLICATE_METHOD_MATCH = YES;
				CODE_SIGN_IDENTITY = "-";
				COPY_PHASE_STRIP = NO;
				DEBUG_INFORMATION_FORMAT = dwarf;
				ENABLE_STRICT_OBJC_MSGSEND = YES;
				ENABLE_TESTABILITY = YES;
				GCC_C_LANGUAGE_STANDARD = gnu99;
				GCC_DYNAMIC_NO_PIC = NO;
				GCC_NO_COMMON_BLOCKS = YES;
				GCC_OPTIMIZATION_LEVEL = 0;
				GCC_PREPROCESSOR_DEFINITIONS = (
					"DEBUG=1",
					"$(inherited)",
				);
				GCC_WARN_64_TO_32_BIT_CONVERSION = YES;
				GCC_WARN_ABOUT_RETURN_TYPE = YES_ERROR;
				GCC_WARN_UNDECLARED_SELECTOR = YES;
				GCC_WARN_UNINITIALIZED_AUTOS = YES_AGGRESSIVE;
				GCC_WARN_UNUSED_FUNCTION = YES;
				GCC_WARN_UNUSED_VARIABLE = YES;
				MACOSX_DEPLOYMENT_TARGET = 10.10;
				MTL_ENABLE_DEBUG_INFO = YES;
				ONLY_ACTIVE_ARCH = YES;
				SDKROOT = macosx;
			};
			name = Debug;
		};
		542CFD471CBC9ACB00C39F63 /* Release */ = {
			isa = XCBuildConfiguration;
			buildSettings = {
				ALWAYS_SEARCH_USER_PATHS = NO;
				CLANG_CXX_LANGUAGE_STANDARD = "gnu++0x";
				CLANG_CXX_LIBRARY = "libc++";
				CLANG_ENABLE_MODULES = YES;
				CLANG_ENABLE_OBJC_ARC = YES;
				CLANG_WARN_BOOL_CONVERSION = YES;
				CLANG_WARN_CONSTANT_CONVERSION = YES;
				CLANG_WARN_DIRECT_OBJC_ISA_USAGE = YES_ERROR;
				CLANG_WARN_EMPTY_BODY = YES;
				CLANG_WARN_ENUM_CONVERSION = YES;
				CLANG_WARN_INT_CONVERSION = YES;
				CLANG_WARN_OBJC_ROOT_CLASS = YES_ERROR;
				CLANG_WARN_UNREACHABLE_CODE = YES;
				CLANG_WARN__DUPLICATE_METHOD_MATCH = YES;
				CODE_SIGN_IDENTITY = "-";
				COPY_PHASE_STRIP = NO;
				DEBUG_INFORMATION_FORMAT = "dwarf-with-dsym";
				ENABLE_NS_ASSERTIONS = NO;
				ENABLE_STRICT_OBJC_MSGSEND = YES;
				GCC_C_LANGUAGE_STANDARD = gnu99;
				GCC_NO_COMMON_BLOCKS = YES;
				GCC_WARN_64_TO_32_BIT_CONVERSION = YES;
				GCC_WARN_ABOUT_RETURN_TYPE = YES_ERROR;
				GCC_WARN_UNDECLARED_SELECTOR = YES;
				GCC_WARN_UNINITIALIZED_AUTOS = YES_AGGRESSIVE;
				GCC_WARN_UNUSED_FUNCTION = YES;
				GCC_WARN_UNUSED_VARIABLE = YES;
				MACOSX_DEPLOYMENT_TARGET = 10.10;
				MTL_ENABLE_DEBUG_INFO = NO;
				SDKROOT = macosx;
			};
			name = Release;
		};
		542CFD491CBC9ACB00C39F63 /* Debug */ = {
			isa = XCBuildConfiguration;
			buildSettings = {
				PRODUCT_NAME = "$(TARGET_NAME)";
			};
			name = Debug;
		};
		542CFD4A1CBC9ACB00C39F63 /* Release */ = {
			isa = XCBuildConfiguration;
			buildSettings = {
				PRODUCT_NAME = "$(TARGET_NAME)";
			};
			name = Release;
		};
/* End XCBuildConfiguration section */

/* Begin XCConfigurationList section */
		542CFD3C1CBC9ACB00C39F63 /* Build configuration list for PBXProject "Lab_12_14" */ = {
			isa = XCConfigurationList;
			buildConfigurations = (
				542CFD461CBC9ACB00C39F63 /* Debug */,
				542CFD471CBC9ACB00C39F63 /* Release */,
			);
			defaultConfigurationIsVisible = 0;
			defaultConfigurationName = Release;
		};
		542CFD481CBC9ACB00C39F63 /* Build configuration list for PBXNativeTarget "Lab_12_14" */ = {
			isa = XCConfigurationList;
			buildConfigurations = (
				542CFD491CBC9ACB00C39F63 /* Debug */,
				542CFD4A1CBC9ACB00C39F63 /* Release */,
			);
			defaultConfigurationIsVisible = 0;
		};
/* End XCConfigurationList section */
	};
	rootObject = 542CFD391CBC9ACB00C39F63 /* Project object */;
}
